
Microsoft Visual Studio Solution File, Format Version 12.00
# Visual Studio Version 16
VisualStudioVersion = 16.0.33801.447
MinimumVisualStudioVersion = 10.0.40219.1
Project("{2150E333-8FDC-42A3-9474-1A3956D46DE8}") = "Services", "Services", "{09273717-9F9D-41D9-82AE-40EB2DE211A8}"
EndProject
Project("{2150E333-8FDC-42A3-9474-1A3956D46DE8}") = "Catalog", "Catalog", "{20A8AAE8-DA98-400A-A4D9-12D0FA67FDF6}"
EndProject
Project("{9A19103F-16F7-4668-BE54-9A1E7A4F7556}") = "Catalog.API", "Services\Catalog\Catalog.API\Catalog.API.csproj", "{2E0F1F34-4E3B-4840-A688-5268FC1A1C73}"
EndProject
Project("{E53339B2-1760-4266-BCC7-CA923CBCF16C}") = "docker-compose", "docker-compose.dcproj", "{C7DE617A-5CAD-4CEE-A72F-CB9DDD779166}"
EndProject
Project("{2150E333-8FDC-42A3-9474-1A3956D46DE8}") = "Basket", "Basket", "{BF08BD86-7BA3-4DCC-BF20-B537B1B01F7A}"
EndProject
Project("{9A19103F-16F7-4668-BE54-9A1E7A4F7556}") = "Basket.API", "Services\Basket\Basket.API\Basket.API.csproj", "{D5533686-55FA-4272-A261-F28AC2530294}"
EndProject
Project("{2150E333-8FDC-42A3-9474-1A3956D46DE8}") = "Discount", "Discount", "{7AD38AFC-D229-4AF9-A2E9-5975FCAA0655}"
EndProject
Project("{9A19103F-16F7-4668-BE54-9A1E7A4F7556}") = "Discount.API", "Services\Discount\Discount.API\Discount.API.csproj", "{D37B46FA-6203-4CA9-A15D-F76D0A023326}"
EndProject
Project("{9A19103F-16F7-4668-BE54-9A1E7A4F7556}") = "Discount.Grpc", "Services\Discount\Discount.Grpc\Discount.Grpc.csproj", "{5312E9E6-492D-472D-BC2B-021D9BF79BC1}"
EndProject
Global
	GlobalSection(SolutionConfigurationPlatforms) = preSolution
		Debug|Any CPU = Debug|Any CPU
		Release|Any CPU = Release|Any CPU
	EndGlobalSection
	GlobalSection(ProjectConfigurationPlatforms) = postSolution
		{2E0F1F34-4E3B-4840-A688-5268FC1A1C73}.Debug|Any CPU.ActiveCfg = Debug|Any CPU
		{2E0F1F34-4E3B-4840-A688-5268FC1A1C73}.Debug|Any CPU.Build.0 = Debug|Any CPU
		{2E0F1F34-4E3B-4840-A688-5268FC1A1C73}.Release|Any CPU.ActiveCfg = Release|Any CPU
		{2E0F1F34-4E3B-4840-A688-5268FC1A1C73}.Release|Any CPU.Build.0 = Release|Any CPU
		{C7DE617A-5CAD-4CEE-A72F-CB9DDD779166}.Debug|Any CPU.ActiveCfg = Debug|Any CPU
		{C7DE617A-5CAD-4CEE-A72F-CB9DDD779166}.Debug|Any CPU.Build.0 = Debug|Any CPU
		{C7DE617A-5CAD-4CEE-A72F-CB9DDD779166}.Release|Any CPU.ActiveCfg = Release|Any CPU
		{C7DE617A-5CAD-4CEE-A72F-CB9DDD779166}.Release|Any CPU.Build.0 = Release|Any CPU
		{D5533686-55FA-4272-A261-F28AC2530294}.Debug|Any CPU.ActiveCfg = Debug|Any CPU
		{D5533686-55FA-4272-A261-F28AC2530294}.Debug|Any CPU.Build.0 = Debug|Any CPU
		{D5533686-55FA-4272-A261-F28AC2530294}.Release|Any CPU.ActiveCfg = Release|Any CPU
		{D5533686-55FA-4272-A261-F28AC2530294}.Release|Any CPU.Build.0 = Release|Any CPU
		{D37B46FA-6203-4CA9-A15D-F76D0A023326}.Debug|Any CPU.ActiveCfg = Debug|Any CPU
		{D37B46FA-6203-4CA9-A15D-F76D0A023326}.Debug|Any CPU.Build.0 = Debug|Any CPU
		{D37B46FA-6203-4CA9-A15D-F76D0A023326}.Release|Any CPU.ActiveCfg = Release|Any CPU
		{D37B46FA-6203-4CA9-A15D-F76D0A023326}.Release|Any CPU.Build.0 = Release|Any CPU
		{5312E9E6-492D-472D-BC2B-021D9BF79BC1}.Debug|Any CPU.ActiveCfg = Debug|Any CPU
		{5312E9E6-492D-472D-BC2B-021D9BF79BC1}.Debug|Any CPU.Build.0 = Debug|Any CPU
		{5312E9E6-492D-472D-BC2B-021D9BF79BC1}.Release|Any CPU.ActiveCfg = Release|Any CPU
		{5312E9E6-492D-472D-BC2B-021D9BF79BC1}.Release|Any CPU.Build.0 = Release|Any CPU
	EndGlobalSection
	GlobalSection(SolutionProperties) = preSolution
		HideSolutionNode = FALSE
	EndGlobalSection
	GlobalSection(NestedProjects) = preSolution
		{20A8AAE8-DA98-400A-A4D9-12D0FA67FDF6} = {09273717-9F9D-41D9-82AE-40EB2DE211A8}
		{2E0F1F34-4E3B-4840-A688-5268FC1A1C73} = {20A8AAE8-DA98-400A-A4D9-12D0FA67FDF6}
		{BF08BD86-7BA3-4DCC-BF20-B537B1B01F7A} = {09273717-9F9D-41D9-82AE-40EB2DE211A8}
		{D5533686-55FA-4272-A261-F28AC2530294} = {BF08BD86-7BA3-4DCC-BF20-B537B1B01F7A}
		{7AD38AFC-D229-4AF9-A2E9-5975FCAA0655} = {09273717-9F9D-41D9-82AE-40EB2DE211A8}
		{D37B46FA-6203-4CA9-A15D-F76D0A023326} = {7AD38AFC-D229-4AF9-A2E9-5975FCAA0655}
		{5312E9E6-492D-472D-BC2B-021D9BF79BC1} = {7AD38AFC-D229-4AF9-A2E9-5975FCAA0655}
	EndGlobalSection
	GlobalSection(ExtensibilityGlobals) = postSolution
		SolutionGuid = {D6DADD67-468E-4EDD-B0BD-FDAF1287A73A}
	EndGlobalSection
EndGlobal
